// !$*UTF8*$!
{
	archiveVersion = 1;
	classes = {
	};
	objectVersion = 56;
	objects = {

/* Begin PBXBuildFile section */
		5920E9622BFAB7EB00F5FEA4 /* MainApp.swift in Sources */ = {isa = PBXBuildFile; fileRef = 5920E9612BFAB7EB00F5FEA4 /* MainApp.swift */; };
		5920E9642BFAB7EB00F5FEA4 /* RootPage.swift in Sources */ = {isa = PBXBuildFile; fileRef = 5920E9632BFAB7EB00F5FEA4 /* RootPage.swift */; };
		5920E9662BFAB7EB00F5FEA4 /* Project.swift in Sources */ = {isa = PBXBuildFile; fileRef = 5920E9652BFAB7EB00F5FEA4 /* Project.swift */; };
		5920E9682BFAB7EC00F5FEA4 /* Assets.xcassets in Resources */ = {isa = PBXBuildFile; fileRef = 5920E9672BFAB7EC00F5FEA4 /* Assets.xcassets */; };
		5920E9762BFAB7EC00F5FEA4 /* Write_MeTests.swift in Sources */ = {isa = PBXBuildFile; fileRef = 5920E9752BFAB7EC00F5FEA4 /* Write_MeTests.swift */; };
		5920E9802BFAB7EC00F5FEA4 /* Write_MeUITests.swift in Sources */ = {isa = PBXBuildFile; fileRef = 5920E97F2BFAB7EC00F5FEA4 /* Write_MeUITests.swift */; };
		5920E9822BFAB7EC00F5FEA4 /* Write_MeUITestsLaunchTests.swift in Sources */ = {isa = PBXBuildFile; fileRef = 5920E9812BFAB7EC00F5FEA4 /* Write_MeUITestsLaunchTests.swift */; };
		5920E98F2BFABECA00F5FEA4 /* ProjectsPage.swift in Sources */ = {isa = PBXBuildFile; fileRef = 5920E98E2BFABECA00F5FEA4 /* ProjectsPage.swift */; };
		5920E9922BFAD80C00F5FEA4 /* SettingsPage.swift in Sources */ = {isa = PBXBuildFile; fileRef = 5920E9912BFAD80C00F5FEA4 /* SettingsPage.swift */; };
		5955BC502C0092A700C9F63C /* UnicodePropertiesView.swift in Sources */ = {isa = PBXBuildFile; fileRef = 5955BC4F2C0092A700C9F63C /* UnicodePropertiesView.swift */; };
		595793892BFF82B700304A69 /* CharacterMetricsView.swift in Sources */ = {isa = PBXBuildFile; fileRef = 595793882BFF82B700304A69 /* CharacterMetricsView.swift */; };
		598DD5B32C0032C80003834A /* CreateNewProjectSheet.swift in Sources */ = {isa = PBXBuildFile; fileRef = 598DD5B22C0032C80003834A /* CreateNewProjectSheet.swift */; };
		59E765942BFB1C3800ACAA84 /* ProjectCard.swift in Sources */ = {isa = PBXBuildFile; fileRef = 59E765932BFB1C3800ACAA84 /* ProjectCard.swift */; };
		59E765972BFB221B00ACAA84 /* SwiftDate in Frameworks */ = {isa = PBXBuildFile; productRef = 59E765962BFB221B00ACAA84 /* SwiftDate */; };
		59E765992BFB2D1B00ACAA84 /* ProjectPage.swift in Sources */ = {isa = PBXBuildFile; fileRef = 59E765982BFB2D1B00ACAA84 /* ProjectPage.swift */; };
		59E7659C2BFB523C00ACAA84 /* Plangothic.ttc in Resources */ = {isa = PBXBuildFile; fileRef = 59E7659B2BFB523C00ACAA84 /* Plangothic.ttc */; };
		59E7659F2BFB5D8400ACAA84 /* UnicodeCard.swift in Sources */ = {isa = PBXBuildFile; fileRef = 59E7659E2BFB5D8400ACAA84 /* UnicodeCard.swift */; };
		59E765A12BFB5E0C00ACAA84 /* EditorPage.swift in Sources */ = {isa = PBXBuildFile; fileRef = 59E765A02BFB5E0C00ACAA84 /* EditorPage.swift */; };
/* End PBXBuildFile section */

/* Begin PBXContainerItemProxy section */
		5920E9722BFAB7EC00F5FEA4 /* PBXContainerItemProxy */ = {
			isa = PBXContainerItemProxy;
			containerPortal = 5920E9562BFAB7EB00F5FEA4 /* Project object */;
			proxyType = 1;
			remoteGlobalIDString = 5920E95D2BFAB7EB00F5FEA4;
			remoteInfo = "Write Me";
		};
		5920E97C2BFAB7EC00F5FEA4 /* PBXContainerItemProxy */ = {
			isa = PBXContainerItemProxy;
			containerPortal = 5920E9562BFAB7EB00F5FEA4 /* Project object */;
			proxyType = 1;
			remoteGlobalIDString = 5920E95D2BFAB7EB00F5FEA4;
			remoteInfo = "Write Me";
		};
/* End PBXContainerItemProxy section */

/* Begin PBXFileReference section */
		5920E95E2BFAB7EB00F5FEA4 /* Write Me.app */ = {isa = PBXFileReference; explicitFileType = wrapper.application; includeInIndex = 0; path = "Write Me.app"; sourceTree = BUILT_PRODUCTS_DIR; };
		5920E9612BFAB7EB00F5FEA4 /* MainApp.swift */ = {isa = PBXFileReference; lastKnownFileType = sourcecode.swift; path = MainApp.swift; sourceTree = "<group>"; };
		5920E9632BFAB7EB00F5FEA4 /* RootPage.swift */ = {isa = PBXFileReference; lastKnownFileType = sourcecode.swift; path = RootPage.swift; sourceTree = "<group>"; };
		5920E9652BFAB7EB00F5FEA4 /* Project.swift */ = {isa = PBXFileReference; lastKnownFileType = sourcecode.swift; path = Project.swift; sourceTree = "<group>"; };
		5920E9672BFAB7EC00F5FEA4 /* Assets.xcassets */ = {isa = PBXFileReference; lastKnownFileType = folder.assetcatalog; path = Assets.xcassets; sourceTree = "<group>"; };
		5920E9692BFAB7EC00F5FEA4 /* Write_Me.entitlements */ = {isa = PBXFileReference; lastKnownFileType = text.plist.entitlements; path = Write_Me.entitlements; sourceTree = "<group>"; };
		5920E9712BFAB7EC00F5FEA4 /* Write MeTests.xctest */ = {isa = PBXFileReference; explicitFileType = wrapper.cfbundle; includeInIndex = 0; path = "Write MeTests.xctest"; sourceTree = BUILT_PRODUCTS_DIR; };
		5920E9752BFAB7EC00F5FEA4 /* Write_MeTests.swift */ = {isa = PBXFileReference; lastKnownFileType = sourcecode.swift; path = Write_MeTests.swift; sourceTree = "<group>"; };
		5920E97B2BFAB7EC00F5FEA4 /* Write MeUITests.xctest */ = {isa = PBXFileReference; explicitFileType = wrapper.cfbundle; includeInIndex = 0; path = "Write MeUITests.xctest"; sourceTree = BUILT_PRODUCTS_DIR; };
		5920E97F2BFAB7EC00F5FEA4 /* Write_MeUITests.swift */ = {isa = PBXFileReference; lastKnownFileType = sourcecode.swift; path = Write_MeUITests.swift; sourceTree = "<group>"; };
		5920E9812BFAB7EC00F5FEA4 /* Write_MeUITestsLaunchTests.swift */ = {isa = PBXFileReference; lastKnownFileType = sourcecode.swift; path = Write_MeUITestsLaunchTests.swift; sourceTree = "<group>"; };
		5920E98E2BFABECA00F5FEA4 /* ProjectsPage.swift */ = {isa = PBXFileReference; lastKnownFileType = sourcecode.swift; path = ProjectsPage.swift; sourceTree = "<group>"; };
		5920E9912BFAD80C00F5FEA4 /* SettingsPage.swift */ = {isa = PBXFileReference; lastKnownFileType = sourcecode.swift; path = SettingsPage.swift; sourceTree = "<group>"; };
		5955BC4F2C0092A700C9F63C /* UnicodePropertiesView.swift */ = {isa = PBXFileReference; lastKnownFileType = sourcecode.swift; path = UnicodePropertiesView.swift; sourceTree = "<group>"; };
		595793882BFF82B700304A69 /* CharacterMetricsView.swift */ = {isa = PBXFileReference; lastKnownFileType = sourcecode.swift; path = CharacterMetricsView.swift; sourceTree = "<group>"; };
		598DD5B22C0032C80003834A /* CreateNewProjectSheet.swift */ = {isa = PBXFileReference; lastKnownFileType = sourcecode.swift; path = CreateNewProjectSheet.swift; sourceTree = "<group>"; };
		59BF1E7D2BFE625A00D38AAA /* README.md */ = {isa = PBXFileReference; lastKnownFileType = net.daringfireball.markdown; path = README.md; sourceTree = "<group>"; };
		59E765932BFB1C3800ACAA84 /* ProjectCard.swift */ = {isa = PBXFileReference; lastKnownFileType = sourcecode.swift; path = ProjectCard.swift; sourceTree = "<group>"; };
		59E765982BFB2D1B00ACAA84 /* ProjectPage.swift */ = {isa = PBXFileReference; lastKnownFileType = sourcecode.swift; path = ProjectPage.swift; sourceTree = "<group>"; };
		59E7659B2BFB523C00ACAA84 /* Plangothic.ttc */ = {isa = PBXFileReference; lastKnownFileType = file; name = Plangothic.ttc; path = ../../../../../../Downloads/Plangothic.ttc; sourceTree = "<group>"; };
		59E7659D2BFB52E500ACAA84 /* Write-Me-Info.plist */ = {isa = PBXFileReference; lastKnownFileType = text.plist; path = "Write-Me-Info.plist"; sourceTree = SOURCE_ROOT; };
		59E7659E2BFB5D8400ACAA84 /* UnicodeCard.swift */ = {isa = PBXFileReference; lastKnownFileType = sourcecode.swift; path = UnicodeCard.swift; sourceTree = "<group>"; };
		59E765A02BFB5E0C00ACAA84 /* EditorPage.swift */ = {isa = PBXFileReference; lastKnownFileType = sourcecode.swift; path = EditorPage.swift; sourceTree = "<group>"; };
/* End PBXFileReference section */

/* Begin PBXFrameworksBuildPhase section */
		5920E95B2BFAB7EB00F5FEA4 /* Frameworks */ = {
			isa = PBXFrameworksBuildPhase;
			buildActionMask = 2147483647;
			files = (
				59E765972BFB221B00ACAA84 /* SwiftDate in Frameworks */,
			);
			runOnlyForDeploymentPostprocessing = 0;
		};
		5920E96E2BFAB7EC00F5FEA4 /* Frameworks */ = {
			isa = PBXFrameworksBuildPhase;
			buildActionMask = 2147483647;
			files = (
			);
			runOnlyForDeploymentPostprocessing = 0;
		};
		5920E9782BFAB7EC00F5FEA4 /* Frameworks */ = {
			isa = PBXFrameworksBuildPhase;
			buildActionMask = 2147483647;
			files = (
			);
			runOnlyForDeploymentPostprocessing = 0;
		};
/* End PBXFrameworksBuildPhase section */

/* Begin PBXGroup section */
		5920E9552BFAB7EB00F5FEA4 = {
			isa = PBXGroup;
			children = (
				59BF1E7D2BFE625A00D38AAA /* README.md */,
				5920E9602BFAB7EB00F5FEA4 /* Write Me */,
				5920E9742BFAB7EC00F5FEA4 /* Write MeTests */,
				5920E97E2BFAB7EC00F5FEA4 /* Write MeUITests */,
				5920E95F2BFAB7EB00F5FEA4 /* Products */,
			);
			sourceTree = "<group>";
		};
		5920E95F2BFAB7EB00F5FEA4 /* Products */ = {
			isa = PBXGroup;
			children = (
				5920E95E2BFAB7EB00F5FEA4 /* Write Me.app */,
				5920E9712BFAB7EC00F5FEA4 /* Write MeTests.xctest */,
				5920E97B2BFAB7EC00F5FEA4 /* Write MeUITests.xctest */,
			);
			name = Products;
			sourceTree = "<group>";
		};
		5920E9602BFAB7EB00F5FEA4 /* Write Me */ = {
			isa = PBXGroup;
			children = (
				59E7659A2BFB520F00ACAA84 /* Font */,
				598DD5B52C0036AF0003834A /* Database */,
				5920E9672BFAB7EC00F5FEA4 /* Assets.xcassets */,
				59E7659D2BFB52E500ACAA84 /* Write-Me-Info.plist */,
				5920E9692BFAB7EC00F5FEA4 /* Write_Me.entitlements */,
				59E765932BFB1C3800ACAA84 /* ProjectCard.swift */,
				59E7659E2BFB5D8400ACAA84 /* UnicodeCard.swift */,
				595793882BFF82B700304A69 /* CharacterMetricsView.swift */,
				5920E98E2BFABECA00F5FEA4 /* ProjectsPage.swift */,
				598DD5B22C0032C80003834A /* CreateNewProjectSheet.swift */,
				59E765982BFB2D1B00ACAA84 /* ProjectPage.swift */,
				5920E9632BFAB7EB00F5FEA4 /* RootPage.swift */,
				5920E9912BFAD80C00F5FEA4 /* SettingsPage.swift */,
				59E765A02BFB5E0C00ACAA84 /* EditorPage.swift */,
				5920E9612BFAB7EB00F5FEA4 /* MainApp.swift */,
				5955BC4F2C0092A700C9F63C /* UnicodePropertiesView.swift */,
			);
			path = "Write Me";
			sourceTree = "<group>";
		};
		5920E9742BFAB7EC00F5FEA4 /* Write MeTests */ = {
			isa = PBXGroup;
			children = (
				5920E9752BFAB7EC00F5FEA4 /* Write_MeTests.swift */,
			);
			path = "Write MeTests";
			sourceTree = "<group>";
		};
		5920E97E2BFAB7EC00F5FEA4 /* Write MeUITests */ = {
			isa = PBXGroup;
			children = (
				5920E97F2BFAB7EC00F5FEA4 /* Write_MeUITests.swift */,
				5920E9812BFAB7EC00F5FEA4 /* Write_MeUITestsLaunchTests.swift */,
			);
			path = "Write MeUITests";
			sourceTree = "<group>";
		};
		598DD5B52C0036AF0003834A /* Database */ = {
			isa = PBXGroup;
			children = (
				5920E9652BFAB7EB00F5FEA4 /* Project.swift */,
			);
			path = Database;
			sourceTree = "<group>";
		};
		59E7659A2BFB520F00ACAA84 /* Font */ = {
			isa = PBXGroup;
			children = (
				59E7659B2BFB523C00ACAA84 /* Plangothic.ttc */,
			);
			path = Font;
			sourceTree = "<group>";
		};
/* End PBXGroup section */

/* Begin PBXNativeTarget section */
		5920E95D2BFAB7EB00F5FEA4 /* Write Me */ = {
			isa = PBXNativeTarget;
			buildConfigurationList = 5920E9852BFAB7EC00F5FEA4 /* Build configuration list for PBXNativeTarget "Write Me" */;
			buildPhases = (
				5920E95A2BFAB7EB00F5FEA4 /* Sources */,
				5920E95B2BFAB7EB00F5FEA4 /* Frameworks */,
				5920E95C2BFAB7EB00F5FEA4 /* Resources */,
			);
			buildRules = (
			);
			dependencies = (
			);
			name = "Write Me";
			packageProductDependencies = (
				59E765962BFB221B00ACAA84 /* SwiftDate */,
			);
			productName = "Write Me";
			productReference = 5920E95E2BFAB7EB00F5FEA4 /* Write Me.app */;
			productType = "com.apple.product-type.application";
		};
		5920E9702BFAB7EC00F5FEA4 /* Write MeTests */ = {
			isa = PBXNativeTarget;
			buildConfigurationList = 5920E9882BFAB7EC00F5FEA4 /* Build configuration list for PBXNativeTarget "Write MeTests" */;
			buildPhases = (
				5920E96D2BFAB7EC00F5FEA4 /* Sources */,
				5920E96E2BFAB7EC00F5FEA4 /* Frameworks */,
				5920E96F2BFAB7EC00F5FEA4 /* Resources */,
			);
			buildRules = (
			);
			dependencies = (
				5920E9732BFAB7EC00F5FEA4 /* PBXTargetDependency */,
			);
			name = "Write MeTests";
			productName = "Write MeTests";
			productReference = 5920E9712BFAB7EC00F5FEA4 /* Write MeTests.xctest */;
			productType = "com.apple.product-type.bundle.unit-test";
		};
		5920E97A2BFAB7EC00F5FEA4 /* Write MeUITests */ = {
			isa = PBXNativeTarget;
			buildConfigurationList = 5920E98B2BFAB7EC00F5FEA4 /* Build configuration list for PBXNativeTarget "Write MeUITests" */;
			buildPhases = (
				5920E9772BFAB7EC00F5FEA4 /* Sources */,
				5920E9782BFAB7EC00F5FEA4 /* Frameworks */,
				5920E9792BFAB7EC00F5FEA4 /* Resources */,
			);
			buildRules = (
			);
			dependencies = (
				5920E97D2BFAB7EC00F5FEA4 /* PBXTargetDependency */,
			);
			name = "Write MeUITests";
			productName = "Write MeUITests";
			productReference = 5920E97B2BFAB7EC00F5FEA4 /* Write MeUITests.xctest */;
			productType = "com.apple.product-type.bundle.ui-testing";
		};
/* End PBXNativeTarget section */

/* Begin PBXProject section */
		5920E9562BFAB7EB00F5FEA4 /* Project object */ = {
			isa = PBXProject;
			attributes = {
				BuildIndependentTargetsInParallel = 1;
				LastSwiftUpdateCheck = 1530;
				LastUpgradeCheck = 1540;
				TargetAttributes = {
					5920E95D2BFAB7EB00F5FEA4 = {
						CreatedOnToolsVersion = 15.3;
					};
					5920E9702BFAB7EC00F5FEA4 = {
						CreatedOnToolsVersion = 15.3;
						TestTargetID = 5920E95D2BFAB7EB00F5FEA4;
					};
					5920E97A2BFAB7EC00F5FEA4 = {
						CreatedOnToolsVersion = 15.3;
						TestTargetID = 5920E95D2BFAB7EB00F5FEA4;
					};
				};
			};
			buildConfigurationList = 5920E9592BFAB7EB00F5FEA4 /* Build configuration list for PBXProject "Write Me" */;
			compatibilityVersion = "Xcode 14.0";
			developmentRegion = en;
			hasScannedForEncodings = 0;
			knownRegions = (
				en,
				Base,
				ja,
				"zh-Hans",
			);
			mainGroup = 5920E9552BFAB7EB00F5FEA4;
			packageReferences = (
				59E765952BFB221B00ACAA84 /* XCRemoteSwiftPackageReference "SwiftDate" */,
			);
			productRefGroup = 5920E95F2BFAB7EB00F5FEA4 /* Products */;
			projectDirPath = "";
			projectRoot = "";
			targets = (
				5920E95D2BFAB7EB00F5FEA4 /* Write Me */,
				5920E9702BFAB7EC00F5FEA4 /* Write MeTests */,
				5920E97A2BFAB7EC00F5FEA4 /* Write MeUITests */,
			);
		};
/* End PBXProject section */

/* Begin PBXResourcesBuildPhase section */
		5920E95C2BFAB7EB00F5FEA4 /* Resources */ = {
			isa = PBXResourcesBuildPhase;
			buildActionMask = 2147483647;
			files = (
				59E7659C2BFB523C00ACAA84 /* Plangothic.ttc in Resources */,
				5920E9682BFAB7EC00F5FEA4 /* Assets.xcassets in Resources */,
			);
			runOnlyForDeploymentPostprocessing = 0;
		};
		5920E96F2BFAB7EC00F5FEA4 /* Resources */ = {
			isa = PBXResourcesBuildPhase;
			buildActionMask = 2147483647;
			files = (
			);
			runOnlyForDeploymentPostprocessing = 0;
		};
		5920E9792BFAB7EC00F5FEA4 /* Resources */ = {
			isa = PBXResourcesBuildPhase;
			buildActionMask = 2147483647;
			files = (
			);
			runOnlyForDeploymentPostprocessing = 0;
		};
/* End PBXResourcesBuildPhase section */

/* Begin PBXSourcesBuildPhase section */
		5920E95A2BFAB7EB00F5FEA4 /* Sources */ = {
			isa = PBXSourcesBuildPhase;
			buildActionMask = 2147483647;
			files = (
				59E765992BFB2D1B00ACAA84 /* ProjectPage.swift in Sources */,
				5920E9922BFAD80C00F5FEA4 /* SettingsPage.swift in Sources */,
				5920E9642BFAB7EB00F5FEA4 /* RootPage.swift in Sources */,
				5920E98F2BFABECA00F5FEA4 /* ProjectsPage.swift in Sources */,
				59E765942BFB1C3800ACAA84 /* ProjectCard.swift in Sources */,
				595793892BFF82B700304A69 /* CharacterMetricsView.swift in Sources */,
				59E765A12BFB5E0C00ACAA84 /* EditorPage.swift in Sources */,
				59E7659F2BFB5D8400ACAA84 /* UnicodeCard.swift in Sources */,
				5920E9662BFAB7EB00F5FEA4 /* Project.swift in Sources */,
				5955BC502C0092A700C9F63C /* UnicodePropertiesView.swift in Sources */,
				598DD5B32C0032C80003834A /* CreateNewProjectSheet.swift in Sources */,
				5920E9622BFAB7EB00F5FEA4 /* MainApp.swift in Sources */,
			);
			runOnlyForDeploymentPostprocessing = 0;
		};
		5920E96D2BFAB7EC00F5FEA4 /* Sources */ = {
			isa = PBXSourcesBuildPhase;
			buildActionMask = 2147483647;
			files = (
				5920E9762BFAB7EC00F5FEA4 /* Write_MeTests.swift in Sources */,
			);
			runOnlyForDeploymentPostprocessing = 0;
		};
		5920E9772BFAB7EC00F5FEA4 /* Sources */ = {
			isa = PBXSourcesBuildPhase;
			buildActionMask = 2147483647;
			files = (
				5920E9822BFAB7EC00F5FEA4 /* Write_MeUITestsLaunchTests.swift in Sources */,
				5920E9802BFAB7EC00F5FEA4 /* Write_MeUITests.swift in Sources */,
			);
			runOnlyForDeploymentPostprocessing = 0;
		};
/* End PBXSourcesBuildPhase section */

/* Begin PBXTargetDependency section */
		5920E9732BFAB7EC00F5FEA4 /* PBXTargetDependency */ = {
			isa = PBXTargetDependency;
			target = 5920E95D2BFAB7EB00F5FEA4 /* Write Me */;
			targetProxy = 5920E9722BFAB7EC00F5FEA4 /* PBXContainerItemProxy */;
		};
		5920E97D2BFAB7EC00F5FEA4 /* PBXTargetDependency */ = {
			isa = PBXTargetDependency;
			target = 5920E95D2BFAB7EB00F5FEA4 /* Write Me */;
			targetProxy = 5920E97C2BFAB7EC00F5FEA4 /* PBXContainerItemProxy */;
		};
/* End PBXTargetDependency section */

/* Begin XCBuildConfiguration section */
		5920E9832BFAB7EC00F5FEA4 /* Debug */ = {
			isa = XCBuildConfiguration;
			buildSettings = {
				ALWAYS_SEARCH_USER_PATHS = NO;
				ASSETCATALOG_COMPILER_GENERATE_SWIFT_ASSET_SYMBOL_EXTENSIONS = YES;
				CLANG_ANALYZER_LOCALIZABILITY_NONLOCALIZED = YES;
				CLANG_ANALYZER_NONNULL = YES;
				CLANG_ANALYZER_NUMBER_OBJECT_CONVERSION = YES_AGGRESSIVE;
				CLANG_CXX_LANGUAGE_STANDARD = "gnu++20";
				CLANG_ENABLE_MODULES = YES;
				CLANG_ENABLE_OBJC_ARC = YES;
				CLANG_ENABLE_OBJC_WEAK = YES;
				CLANG_WARN_BLOCK_CAPTURE_AUTORELEASING = YES;
				CLANG_WARN_BOOL_CONVERSION = YES;
				CLANG_WARN_COMMA = YES;
				CLANG_WARN_CONSTANT_CONVERSION = YES;
				CLANG_WARN_DEPRECATED_OBJC_IMPLEMENTATIONS = YES;
				CLANG_WARN_DIRECT_OBJC_ISA_USAGE = YES_ERROR;
				CLANG_WARN_DOCUMENTATION_COMMENTS = YES;
				CLANG_WARN_EMPTY_BODY = YES;
				CLANG_WARN_ENUM_CONVERSION = YES;
				CLANG_WARN_INFINITE_RECURSION = YES;
				CLANG_WARN_INT_CONVERSION = YES;
				CLANG_WARN_NON_LITERAL_NULL_CONVERSION = YES;
				CLANG_WARN_OBJC_IMPLICIT_RETAIN_SELF = YES;
				CLANG_WARN_OBJC_LITERAL_CONVERSION = YES;
				CLANG_WARN_OBJC_ROOT_CLASS = YES_ERROR;
				CLANG_WARN_QUOTED_INCLUDE_IN_FRAMEWORK_HEADER = YES;
				CLANG_WARN_RANGE_LOOP_ANALYSIS = YES;
				CLANG_WARN_STRICT_PROTOTYPES = YES;
				CLANG_WARN_SUSPICIOUS_MOVE = YES;
				CLANG_WARN_UNGUARDED_AVAILABILITY = YES_AGGRESSIVE;
				CLANG_WARN_UNREACHABLE_CODE = YES;
				CLANG_WARN__DUPLICATE_METHOD_MATCH = YES;
				COPY_PHASE_STRIP = NO;
				DEAD_CODE_STRIPPING = YES;
				DEBUG_INFORMATION_FORMAT = dwarf;
				ENABLE_STRICT_OBJC_MSGSEND = YES;
				ENABLE_TESTABILITY = YES;
				ENABLE_USER_SCRIPT_SANDBOXING = YES;
				GCC_C_LANGUAGE_STANDARD = gnu17;
				GCC_DYNAMIC_NO_PIC = NO;
				GCC_NO_COMMON_BLOCKS = YES;
				GCC_OPTIMIZATION_LEVEL = 0;
				GCC_PREPROCESSOR_DEFINITIONS = (
					"DEBUG=1",
					"$(inherited)",
				);
				GCC_WARN_64_TO_32_BIT_CONVERSION = YES;
				GCC_WARN_ABOUT_RETURN_TYPE = YES_ERROR;
				GCC_WARN_UNDECLARED_SELECTOR = YES;
				GCC_WARN_UNINITIALIZED_AUTOS = YES_AGGRESSIVE;
				GCC_WARN_UNUSED_FUNCTION = YES;
				GCC_WARN_UNUSED_VARIABLE = YES;
				IPHONEOS_DEPLOYMENT_TARGET = 17.5;
				LOCALIZATION_PREFERS_STRING_CATALOGS = YES;
				MTL_ENABLE_DEBUG_INFO = INCLUDE_SOURCE;
				MTL_FAST_MATH = YES;
				ONLY_ACTIVE_ARCH = YES;
				SDKROOT = iphoneos;
				SWIFT_ACTIVE_COMPILATION_CONDITIONS = "DEBUG $(inherited)";
				SWIFT_OPTIMIZATION_LEVEL = "-Onone";
			};
			name = Debug;
		};
		5920E9842BFAB7EC00F5FEA4 /* Release */ = {
			isa = XCBuildConfiguration;
			buildSettings = {
				ALWAYS_SEARCH_USER_PATHS = NO;
				ASSETCATALOG_COMPILER_GENERATE_SWIFT_ASSET_SYMBOL_EXTENSIONS = YES;
				CLANG_ANALYZER_LOCALIZABILITY_NONLOCALIZED = YES;
				CLANG_ANALYZER_NONNULL = YES;
				CLANG_ANALYZER_NUMBER_OBJECT_CONVERSION = YES_AGGRESSIVE;
				CLANG_CXX_LANGUAGE_STANDARD = "gnu++20";
				CLANG_ENABLE_MODULES = YES;
				CLANG_ENABLE_OBJC_ARC = YES;
				CLANG_ENABLE_OBJC_WEAK = YES;
				CLANG_WARN_BLOCK_CAPTURE_AUTORELEASING = YES;
				CLANG_WARN_BOOL_CONVERSION = YES;
				CLANG_WARN_COMMA = YES;
				CLANG_WARN_CONSTANT_CONVERSION = YES;
				CLANG_WARN_DEPRECATED_OBJC_IMPLEMENTATIONS = YES;
				CLANG_WARN_DIRECT_OBJC_ISA_USAGE = YES_ERROR;
				CLANG_WARN_DOCUMENTATION_COMMENTS = YES;
				CLANG_WARN_EMPTY_BODY = YES;
				CLANG_WARN_ENUM_CONVERSION = YES;
				CLANG_WARN_INFINITE_RECURSION = YES;
				CLANG_WARN_INT_CONVERSION = YES;
				CLANG_WARN_NON_LITERAL_NULL_CONVERSION = YES;
				CLANG_WARN_OBJC_IMPLICIT_RETAIN_SELF = YES;
				CLANG_WARN_OBJC_LITERAL_CONVERSION = YES;
				CLANG_WARN_OBJC_ROOT_CLASS = YES_ERROR;
				CLANG_WARN_QUOTED_INCLUDE_IN_FRAMEWORK_HEADER = YES;
				CLANG_WARN_RANGE_LOOP_ANALYSIS = YES;
				CLANG_WARN_STRICT_PROTOTYPES = YES;
				CLANG_WARN_SUSPICIOUS_MOVE = YES;
				CLANG_WARN_UNGUARDED_AVAILABILITY = YES_AGGRESSIVE;
				CLANG_WARN_UNREACHABLE_CODE = YES;
				CLANG_WARN__DUPLICATE_METHOD_MATCH = YES;
				COPY_PHASE_STRIP = NO;
				DEAD_CODE_STRIPPING = YES;
				DEBUG_INFORMATION_FORMAT = "dwarf-with-dsym";
				ENABLE_NS_ASSERTIONS = NO;
				ENABLE_STRICT_OBJC_MSGSEND = YES;
				ENABLE_USER_SCRIPT_SANDBOXING = YES;
				GCC_C_LANGUAGE_STANDARD = gnu17;
				GCC_NO_COMMON_BLOCKS = YES;
				GCC_WARN_64_TO_32_BIT_CONVERSION = YES;
				GCC_WARN_ABOUT_RETURN_TYPE = YES_ERROR;
				GCC_WARN_UNDECLARED_SELECTOR = YES;
				GCC_WARN_UNINITIALIZED_AUTOS = YES_AGGRESSIVE;
				GCC_WARN_UNUSED_FUNCTION = YES;
				GCC_WARN_UNUSED_VARIABLE = YES;
				IPHONEOS_DEPLOYMENT_TARGET = 17.5;
				LOCALIZATION_PREFERS_STRING_CATALOGS = YES;
				MTL_ENABLE_DEBUG_INFO = NO;
				MTL_FAST_MATH = YES;
				SDKROOT = iphoneos;
				SWIFT_COMPILATION_MODE = wholemodule;
			};
			name = Release;
		};
		5920E9862BFAB7EC00F5FEA4 /* Debug */ = {
			isa = XCBuildConfiguration;
			buildSettings = {
				ASSETCATALOG_COMPILER_APPICON_NAME = AppIcon;
				ASSETCATALOG_COMPILER_GLOBAL_ACCENT_COLOR_NAME = AccentColor;
				CODE_SIGN_ENTITLEMENTS = "Write Me/Write_Me.entitlements";
				CODE_SIGN_STYLE = Automatic;
				CURRENT_PROJECT_VERSION = 1;
				DEAD_CODE_STRIPPING = YES;
				DEVELOPMENT_ASSET_PATHS = "\"Write Me/Preview Content\"";
				DEVELOPMENT_TEAM = JV9FLPTQ85;
				ENABLE_HARDENED_RUNTIME = YES;
				ENABLE_PREVIEWS = YES;
				GENERATE_INFOPLIST_FILE = YES;
				INFOPLIST_FILE = "Write-Me-Info.plist";
				INFOPLIST_KEY_UIApplicationSceneManifest_Generation = YES;
				"INFOPLIST_KEY_UIApplicationSceneManifest_Generation[sdk=iphoneos*]" = YES;
				"INFOPLIST_KEY_UIApplicationSceneManifest_Generation[sdk=iphonesimulator*]" = YES;
				INFOPLIST_KEY_UIApplicationSupportsIndirectInputEvents = YES;
				"INFOPLIST_KEY_UIApplicationSupportsIndirectInputEvents[sdk=iphoneos*]" = YES;
				"INFOPLIST_KEY_UIApplicationSupportsIndirectInputEvents[sdk=iphonesimulator*]" = YES;
				"INFOPLIST_KEY_UILaunchScreen_Generation[sdk=iphoneos*]" = YES;
				"INFOPLIST_KEY_UILaunchScreen_Generation[sdk=iphonesimulator*]" = YES;
				INFOPLIST_KEY_UIStatusBarHidden = YES;
				INFOPLIST_KEY_UIStatusBarStyle = UIStatusBarStyleDefault;
				"INFOPLIST_KEY_UIStatusBarStyle[sdk=iphoneos*]" = UIStatusBarStyleDefault;
				"INFOPLIST_KEY_UIStatusBarStyle[sdk=iphonesimulator*]" = UIStatusBarStyleDefault;
				INFOPLIST_KEY_UISupportedInterfaceOrientations_iPad = "UIInterfaceOrientationPortrait UIInterfaceOrientationPortraitUpsideDown UIInterfaceOrientationLandscapeLeft UIInterfaceOrientationLandscapeRight";
				INFOPLIST_KEY_UISupportedInterfaceOrientations_iPhone = "UIInterfaceOrientationPortrait UIInterfaceOrientationLandscapeLeft UIInterfaceOrientationLandscapeRight";
				IPHONEOS_DEPLOYMENT_TARGET = 17.5;
				LD_RUNPATH_SEARCH_PATHS = "@executable_path/Frameworks";
				"LD_RUNPATH_SEARCH_PATHS[sdk=macosx*]" = "@executable_path/../Frameworks";
				MACOSX_DEPLOYMENT_TARGET = 14.0;
				MARKETING_VERSION = 1.0;
				OTHER_LDFLAGS = "";
				PRODUCT_BUNDLE_IDENTIFIER = "pers.cierra-runis.Write-Me";
				PRODUCT_NAME = "$(TARGET_NAME)";
				SDKROOT = iphoneos;
				SUPPORTED_PLATFORMS = "iphoneos iphonesimulator";
				SUPPORTS_MACCATALYST = NO;
				SUPPORTS_MAC_DESIGNED_FOR_IPHONE_IPAD = NO;
				SUPPORTS_XR_DESIGNED_FOR_IPHONE_IPAD = NO;
				SWIFT_EMIT_LOC_STRINGS = YES;
				SWIFT_VERSION = 5.0;
				TARGETED_DEVICE_FAMILY = 2;
			};
			name = Debug;
		};
		5920E9872BFAB7EC00F5FEA4 /* Release */ = {
			isa = XCBuildConfiguration;
			buildSettings = {
				ASSETCATALOG_COMPILER_APPICON_NAME = AppIcon;
				ASSETCATALOG_COMPILER_GLOBAL_ACCENT_COLOR_NAME = AccentColor;
				CODE_SIGN_ENTITLEMENTS = "Write Me/Write_Me.entitlements";
				CODE_SIGN_STYLE = Automatic;
				CURRENT_PROJECT_VERSION = 1;
				DEAD_CODE_STRIPPING = YES;
				DEVELOPMENT_ASSET_PATHS = "\"Write Me/Preview Content\"";
				DEVELOPMENT_TEAM = JV9FLPTQ85;
				ENABLE_HARDENED_RUNTIME = YES;
				ENABLE_PREVIEWS = YES;
				GENERATE_INFOPLIST_FILE = YES;
				INFOPLIST_FILE = "Write-Me-Info.plist";
				INFOPLIST_KEY_UIApplicationSceneManifest_Generation = YES;
				"INFOPLIST_KEY_UIApplicationSceneManifest_Generation[sdk=iphoneos*]" = YES;
				"INFOPLIST_KEY_UIApplicationSceneManifest_Generation[sdk=iphonesimulator*]" = YES;
				INFOPLIST_KEY_UIApplicationSupportsIndirectInputEvents = YES;
				"INFOPLIST_KEY_UIApplicationSupportsIndirectInputEvents[sdk=iphoneos*]" = YES;
				"INFOPLIST_KEY_UIApplicationSupportsIndirectInputEvents[sdk=iphonesimulator*]" = YES;
				"INFOPLIST_KEY_UILaunchScreen_Generation[sdk=iphoneos*]" = YES;
				"INFOPLIST_KEY_UILaunchScreen_Generation[sdk=iphonesimulator*]" = YES;
				INFOPLIST_KEY_UIStatusBarHidden = YES;
				INFOPLIST_KEY_UIStatusBarStyle = UIStatusBarStyleDefault;
				"INFOPLIST_KEY_UIStatusBarStyle[sdk=iphoneos*]" = UIStatusBarStyleDefault;
				"INFOPLIST_KEY_UIStatusBarStyle[sdk=iphonesimulator*]" = UIStatusBarStyleDefault;
				INFOPLIST_KEY_UISupportedInterfaceOrientations_iPad = "UIInterfaceOrientationPortrait UIInterfaceOrientationPortraitUpsideDown UIInterfaceOrientationLandscapeLeft UIInterfaceOrientationLandscapeRight";
				INFOPLIST_KEY_UISupportedInterfaceOrientations_iPhone = "UIInterfaceOrientationPortrait UIInterfaceOrientationLandscapeLeft UIInterfaceOrientationLandscapeRight";
				IPHONEOS_DEPLOYMENT_TARGET = 17.5;
				LD_RUNPATH_SEARCH_PATHS = "@executable_path/Frameworks";
				"LD_RUNPATH_SEARCH_PATHS[sdk=macosx*]" = "@executable_path/../Frameworks";
				MACOSX_DEPLOYMENT_TARGET = 14.0;
				MARKETING_VERSION = 1.0;
				PRODUCT_BUNDLE_IDENTIFIER = "pers.cierra-runis.Write-Me";
				PRODUCT_NAME = "$(TARGET_NAME)";
				SDKROOT = iphoneos;
				SUPPORTED_PLATFORMS = "iphoneos iphonesimulator";
				SUPPORTS_MACCATALYST = NO;
				SUPPORTS_MAC_DESIGNED_FOR_IPHONE_IPAD = NO;
				SUPPORTS_XR_DESIGNED_FOR_IPHONE_IPAD = NO;
				SWIFT_EMIT_LOC_STRINGS = YES;
				SWIFT_VERSION = 5.0;
				TARGETED_DEVICE_FAMILY = 2;
			};
			name = Release;
		};
		5920E9892BFAB7EC00F5FEA4 /* Debug */ = {
			isa = XCBuildConfiguration;
			buildSettings = {
				ALWAYS_EMBED_SWIFT_STANDARD_LIBRARIES = YES;
				BUNDLE_LOADER = "$(TEST_HOST)";
				CODE_SIGN_STYLE = Automatic;
				CURRENT_PROJECT_VERSION = 1;
				DEAD_CODE_STRIPPING = YES;
				DEVELOPMENT_TEAM = JV9FLPTQ85;
				GENERATE_INFOPLIST_FILE = YES;
				IPHONEOS_DEPLOYMENT_TARGET = 17.5;
				MACOSX_DEPLOYMENT_TARGET = 14.4;
				MARKETING_VERSION = 1.0;
				PRODUCT_BUNDLE_IDENTIFIER = "pers.cierra-runis.Write-MeTests";
				PRODUCT_NAME = "$(TARGET_NAME)";
				SDKROOT = iphoneos;
				SUPPORTED_PLATFORMS = "iphoneos iphonesimulator";
				SUPPORTS_MACCATALYST = NO;
				SUPPORTS_MAC_DESIGNED_FOR_IPHONE_IPAD = NO;
				SUPPORTS_XR_DESIGNED_FOR_IPHONE_IPAD = NO;
				SWIFT_EMIT_LOC_STRINGS = NO;
				SWIFT_VERSION = 5.0;
				TARGETED_DEVICE_FAMILY = 2;
				TEST_HOST = "$(BUILT_PRODUCTS_DIR)/Write Me.app/$(BUNDLE_EXECUTABLE_FOLDER_PATH)/Write Me";
			};
			name = Debug;
		};
		5920E98A2BFAB7EC00F5FEA4 /* Release */ = {
			isa = XCBuildConfiguration;
			buildSettings = {
				ALWAYS_EMBED_SWIFT_STANDARD_LIBRARIES = YES;
				BUNDLE_LOADER = "$(TEST_HOST)";
				CODE_SIGN_STYLE = Automatic;
				CURRENT_PROJECT_VERSION = 1;
				DEAD_CODE_STRIPPING = YES;
				DEVELOPMENT_TEAM = JV9FLPTQ85;
				GENERATE_INFOPLIST_FILE = YES;
				IPHONEOS_DEPLOYMENT_TARGET = 17.5;
				MACOSX_DEPLOYMENT_TARGET = 14.4;
				MARKETING_VERSION = 1.0;
				PRODUCT_BUNDLE_IDENTIFIER = "pers.cierra-runis.Write-MeTests";
				PRODUCT_NAME = "$(TARGET_NAME)";
				SDKROOT = iphoneos;
				SUPPORTED_PLATFORMS = "iphoneos iphonesimulator";
				SUPPORTS_MACCATALYST = NO;
				SUPPORTS_MAC_DESIGNED_FOR_IPHONE_IPAD = NO;
				SUPPORTS_XR_DESIGNED_FOR_IPHONE_IPAD = NO;
				SWIFT_EMIT_LOC_STRINGS = NO;
				SWIFT_VERSION = 5.0;
				TARGETED_DEVICE_FAMILY = 2;
				TEST_HOST = "$(BUILT_PRODUCTS_DIR)/Write Me.app/$(BUNDLE_EXECUTABLE_FOLDER_PATH)/Write Me";
			};
			name = Release;
		};
		5920E98C2BFAB7EC00F5FEA4 /* Debug */ = {
			isa = XCBuildConfiguration;
			buildSettings = {
				ALWAYS_EMBED_SWIFT_STANDARD_LIBRARIES = YES;
				CODE_SIGN_STYLE = Automatic;
				CURRENT_PROJECT_VERSION = 1;
				DEAD_CODE_STRIPPING = YES;
				DEVELOPMENT_TEAM = JV9FLPTQ85;
				GENERATE_INFOPLIST_FILE = YES;
				IPHONEOS_DEPLOYMENT_TARGET = 17.5;
				MACOSX_DEPLOYMENT_TARGET = 14.4;
				MARKETING_VERSION = 1.0;
				PRODUCT_BUNDLE_IDENTIFIER = "pers.cierra-runis.Write-MeUITests";
				PRODUCT_NAME = "$(TARGET_NAME)";
				SDKROOT = iphoneos;
				SUPPORTED_PLATFORMS = "iphoneos iphonesimulator";
				SUPPORTS_MACCATALYST = NO;
				SUPPORTS_MAC_DESIGNED_FOR_IPHONE_IPAD = NO;
				SUPPORTS_XR_DESIGNED_FOR_IPHONE_IPAD = NO;
				SWIFT_EMIT_LOC_STRINGS = NO;
				SWIFT_VERSION = 5.0;
				TARGETED_DEVICE_FAMILY = 2;
				TEST_TARGET_NAME = "Write Me";
			};
			name = Debug;
		};
		5920E98D2BFAB7EC00F5FEA4 /* Release */ = {
			isa = XCBuildConfiguration;
			buildSettings = {
				ALWAYS_EMBED_SWIFT_STANDARD_LIBRARIES = YES;
				CODE_SIGN_STYLE = Automatic;
				CURRENT_PROJECT_VERSION = 1;
				DEAD_CODE_STRIPPING = YES;
				DEVELOPMENT_TEAM = JV9FLPTQ85;
				GENERATE_INFOPLIST_FILE = YES;
				IPHONEOS_DEPLOYMENT_TARGET = 17.5;
				MACOSX_DEPLOYMENT_TARGET = 14.4;
				MARKETING_VERSION = 1.0;
				PRODUCT_BUNDLE_IDENTIFIER = "pers.cierra-runis.Write-MeUITests";
				PRODUCT_NAME = "$(TARGET_NAME)";
				SDKROOT = iphoneos;
				SUPPORTED_PLATFORMS = "iphoneos iphonesimulator";
				SUPPORTS_MACCATALYST = NO;
				SUPPORTS_MAC_DESIGNED_FOR_IPHONE_IPAD = NO;
				SUPPORTS_XR_DESIGNED_FOR_IPHONE_IPAD = NO;
				SWIFT_EMIT_LOC_STRINGS = NO;
				SWIFT_VERSION = 5.0;
				TARGETED_DEVICE_FAMILY = 2;
				TEST_TARGET_NAME = "Write Me";
			};
			name = Release;
		};
/* End XCBuildConfiguration section */

/* Begin XCConfigurationList section */
		5920E9592BFAB7EB00F5FEA4 /* Build configuration list for PBXProject "Write Me" */ = {
			isa = XCConfigurationList;
			buildConfigurations = (
				5920E9832BFAB7EC00F5FEA4 /* Debug */,
				5920E9842BFAB7EC00F5FEA4 /* Release */,
			);
			defaultConfigurationIsVisible = 0;
			defaultConfigurationName = Release;
		};
		5920E9852BFAB7EC00F5FEA4 /* Build configuration list for PBXNativeTarget "Write Me" */ = {
			isa = XCConfigurationList;
			buildConfigurations = (
				5920E9862BFAB7EC00F5FEA4 /* Debug */,
				5920E9872BFAB7EC00F5FEA4 /* Release */,
			);
			defaultConfigurationIsVisible = 0;
			defaultConfigurationName = Release;
		};
		5920E9882BFAB7EC00F5FEA4 /* Build configuration list for PBXNativeTarget "Write MeTests" */ = {
			isa = XCConfigurationList;
			buildConfigurations = (
				5920E9892BFAB7EC00F5FEA4 /* Debug */,
				5920E98A2BFAB7EC00F5FEA4 /* Release */,
			);
			defaultConfigurationIsVisible = 0;
			defaultConfigurationName = Release;
		};
		5920E98B2BFAB7EC00F5FEA4 /* Build configuration list for PBXNativeTarget "Write MeUITests" */ = {
			isa = XCConfigurationList;
			buildConfigurations = (
				5920E98C2BFAB7EC00F5FEA4 /* Debug */,
				5920E98D2BFAB7EC00F5FEA4 /* Release */,
			);
			defaultConfigurationIsVisible = 0;
			defaultConfigurationName = Release;
		};
/* End XCConfigurationList section */

/* Begin XCRemoteSwiftPackageReference section */
		59E765952BFB221B00ACAA84 /* XCRemoteSwiftPackageReference "SwiftDate" */ = {
			isa = XCRemoteSwiftPackageReference;
			repositoryURL = "https://github.com/malcommac/SwiftDate";
			requirement = {
				kind = upToNextMajorVersion;
				minimumVersion = 7.0.0;
			};
		};
/* End XCRemoteSwiftPackageReference section */

/* Begin XCSwiftPackageProductDependency section */
		59E765962BFB221B00ACAA84 /* SwiftDate */ = {
			isa = XCSwiftPackageProductDependency;
			package = 59E765952BFB221B00ACAA84 /* XCRemoteSwiftPackageReference "SwiftDate" */;
			productName = SwiftDate;
		};
/* End XCSwiftPackageProductDependency section */
	};
	rootObject = 5920E9562BFAB7EB00F5FEA4 /* Project object */;
}
